
Microsoft Visual Studio Solution File, Format Version 12.00
# Visual Studio 15
VisualStudioVersion = 15.0.27703.2018
MinimumVisualStudioVersion = 10.0.40219.1
Project("{FAE04EC0-301F-11D3-BF4B-00C04F79EFBC}") = "ContactBook_0.Android", "ContactBook_0\ContactBook_0.Android\ContactBook_0.Android.csproj", "{5A994A58-5D85-44B0-8EED-C954D452D256}"
EndProject
Project("{FAE04EC0-301F-11D3-BF4B-00C04F79EFBC}") = "ContactBook_0", "ContactBook_0\ContactBook_0\ContactBook_0.csproj", "{D3B18D50-2BCA-4BC9-B10B-48E8B974AC47}"
EndProject
Global
	GlobalSection(SolutionConfigurationPlatforms) = preSolution
		Debug|Any CPU = Debug|Any CPU
		Release|Any CPU = Release|Any CPU
	EndGlobalSection
	GlobalSection(ProjectConfigurationPlatforms) = postSolution
		{5A994A58-5D85-44B0-8EED-C954D452D256}.Debug|Any CPU.ActiveCfg = Debug|Any CPU
		{5A994A58-5D85-44B0-8EED-C954D452D256}.Debug|Any CPU.Build.0 = Debug|Any CPU
		{5A994A58-5D85-44B0-8EED-C954D452D256}.Debug|Any CPU.Deploy.0 = Debug|Any CPU
		{5A994A58-5D85-44B0-8EED-C954D452D256}.Release|Any CPU.ActiveCfg = Release|Any CPU
		{5A994A58-5D85-44B0-8EED-C954D452D256}.Release|Any CPU.Build.0 = Release|Any CPU
		{5A994A58-5D85-44B0-8EED-C954D452D256}.Release|Any CPU.Deploy.0 = Release|Any CPU
		{D3B18D50-2BCA-4BC9-B10B-48E8B974AC47}.Debug|Any CPU.ActiveCfg = Debug|Any CPU
		{D3B18D50-2BCA-4BC9-B10B-48E8B974AC47}.Debug|Any CPU.Build.0 = Debug|Any CPU
		{D3B18D50-2BCA-4BC9-B10B-48E8B974AC47}.Debug|Any CPU.Deploy.0 = Debug|Any CPU
		{D3B18D50-2BCA-4BC9-B10B-48E8B974AC47}.Release|Any CPU.ActiveCfg = Release|Any CPU
		{D3B18D50-2BCA-4BC9-B10B-48E8B974AC47}.Release|Any CPU.Build.0 = Release|Any CPU
		{D3B18D50-2BCA-4BC9-B10B-48E8B974AC47}.Release|Any CPU.Deploy.0 = Release|Any CPU
	EndGlobalSection
	GlobalSection(SolutionProperties) = preSolution
		HideSolutionNode = FALSE
	EndGlobalSection
	GlobalSection(ExtensibilityGlobals) = postSolution
		SolutionGuid = {D8D6AFEC-727A-49E1-8CA7-7218D209E5BA}
	EndGlobalSection
EndGlobal
